// !$*UTF8*$!
{
	archiveVersion = 1;
	classes = {
	};
	objectVersion = 50;
	objects = {

/* Begin PBXBuildFile section */
		A32BB34B26D37C6900E007ED /* AppDelegate.swift in Sources */ = {isa = PBXBuildFile; fileRef = A32BB34A26D37C6900E007ED /* AppDelegate.swift */; };
		A32BB34D26D37C6900E007ED /* SceneDelegate.swift in Sources */ = {isa = PBXBuildFile; fileRef = A32BB34C26D37C6900E007ED /* SceneDelegate.swift */; };
		A32BB34F26D37C6900E007ED /* ViewController.swift in Sources */ = {isa = PBXBuildFile; fileRef = A32BB34E26D37C6900E007ED /* ViewController.swift */; };
		A32BB35226D37C6900E007ED /* Main.storyboard in Resources */ = {isa = PBXBuildFile; fileRef = A32BB35026D37C6900E007ED /* Main.storyboard */; };
		A32BB35426D37C6A00E007ED /* Assets.xcassets in Resources */ = {isa = PBXBuildFile; fileRef = A32BB35326D37C6A00E007ED /* Assets.xcassets */; };
		A32BB35726D37C6A00E007ED /* LaunchScreen.storyboard in Resources */ = {isa = PBXBuildFile; fileRef = A32BB35526D37C6A00E007ED /* LaunchScreen.storyboard */; };
		A32BB36226D37C6A00E007ED /* ProjectTests.swift in Sources */ = {isa = PBXBuildFile; fileRef = A32BB36126D37C6A00E007ED /* ProjectTests.swift */; };
		A32BB36D26D37C6A00E007ED /* ProjectUITests.swift in Sources */ = {isa = PBXBuildFile; fileRef = A32BB36C26D37C6A00E007ED /* ProjectUITests.swift */; };
/* End PBXBuildFile section */

/* Begin PBXContainerItemProxy section */
		A32BB35E26D37C6A00E007ED /* PBXContainerItemProxy */ = {
			isa = PBXContainerItemProxy;
			containerPortal = A32BB33F26D37C6900E007ED /* Project object */;
			proxyType = 1;
			remoteGlobalIDString = A32BB34626D37C6900E007ED;
			remoteInfo = Project;
		};
		A32BB36926D37C6A00E007ED /* PBXContainerItemProxy */ = {
			isa = PBXContainerItemProxy;
			containerPortal = A32BB33F26D37C6900E007ED /* Project object */;
			proxyType = 1;
			remoteGlobalIDString = A32BB34626D37C6900E007ED;
			remoteInfo = Project;
		};
/* End PBXContainerItemProxy section */

/* Begin PBXFileReference section */
		A32BB34726D37C6900E007ED /* Project.app */ = {isa = PBXFileReference; explicitFileType = wrapper.application; includeInIndex = 0; path = Project.app; sourceTree = BUILT_PRODUCTS_DIR; };
		A32BB34A26D37C6900E007ED /* AppDelegate.swift */ = {isa = PBXFileReference; lastKnownFileType = sourcecode.swift; path = AppDelegate.swift; sourceTree = "<group>"; };
		A32BB34C26D37C6900E007ED /* SceneDelegate.swift */ = {isa = PBXFileReference; lastKnownFileType = sourcecode.swift; path = SceneDelegate.swift; sourceTree = "<group>"; };
		A32BB34E26D37C6900E007ED /* ViewController.swift */ = {isa = PBXFileReference; lastKnownFileType = sourcecode.swift; path = ViewController.swift; sourceTree = "<group>"; };
		A32BB35126D37C6900E007ED /* Base */ = {isa = PBXFileReference; lastKnownFileType = file.storyboard; name = Base; path = Base.lproj/Main.storyboard; sourceTree = "<group>"; };
		A32BB35326D37C6A00E007ED /* Assets.xcassets */ = {isa = PBXFileReference; lastKnownFileType = folder.assetcatalog; path = Assets.xcassets; sourceTree = "<group>"; };
		A32BB35626D37C6A00E007ED /* Base */ = {isa = PBXFileReference; lastKnownFileType = file.storyboard; name = Base; path = Base.lproj/LaunchScreen.storyboard; sourceTree = "<group>"; };
		A32BB35826D37C6A00E007ED /* Info.plist */ = {isa = PBXFileReference; lastKnownFileType = text.plist.xml; path = Info.plist; sourceTree = "<group>"; };
		A32BB35D26D37C6A00E007ED /* ProjectTests.xctest */ = {isa = PBXFileReference; explicitFileType = wrapper.cfbundle; includeInIndex = 0; path = ProjectTests.xctest; sourceTree = BUILT_PRODUCTS_DIR; };
		A32BB36126D37C6A00E007ED /* ProjectTests.swift */ = {isa = PBXFileReference; lastKnownFileType = sourcecode.swift; path = ProjectTests.swift; sourceTree = "<group>"; };
		A32BB36326D37C6A00E007ED /* Info.plist */ = {isa = PBXFileReference; lastKnownFileType = text.plist.xml; path = Info.plist; sourceTree = "<group>"; };
		A32BB36826D37C6A00E007ED /* ProjectUITests.xctest */ = {isa = PBXFileReference; explicitFileType = wrapper.cfbundle; includeInIndex = 0; path = ProjectUITests.xctest; sourceTree = BUILT_PRODUCTS_DIR; };
		A32BB36C26D37C6A00E007ED /* ProjectUITests.swift */ = {isa = PBXFileReference; lastKnownFileType = sourcecode.swift; path = ProjectUITests.swift; sourceTree = "<group>"; };
		A32BB36E26D37C6A00E007ED /* Info.plist */ = {isa = PBXFileReference; lastKnownFileType = text.plist.xml; path = Info.plist; sourceTree = "<group>"; };
/* End PBXFileReference section */

/* Begin PBXFrameworksBuildPhase section */
		A32BB34426D37C6900E007ED /* Frameworks */ = {
			isa = PBXFrameworksBuildPhase;
			buildActionMask = 2147483647;
			files = (
			);
			runOnlyForDeploymentPostprocessing = 0;
		};
		A32BB35A26D37C6A00E007ED /* Frameworks */ = {
			isa = PBXFrameworksBuildPhase;
			buildActionMask = 2147483647;
			files = (
			);
			runOnlyForDeploymentPostprocessing = 0;
		};
		A32BB36526D37C6A00E007ED /* Frameworks */ = {
			isa = PBXFrameworksBuildPhase;
			buildActionMask = 2147483647;
			files = (
			);
			runOnlyForDeploymentPostprocessing = 0;
		};
/* End PBXFrameworksBuildPhase section */

/* Begin PBXGroup section */
		A32BB33E26D37C6900E007ED = {
			isa = PBXGroup;
			children = (
				A32BB34926D37C6900E007ED /* Project */,
				A32BB36026D37C6A00E007ED /* ProjectTests */,
				A32BB36B26D37C6A00E007ED /* ProjectUITests */,
				A32BB34826D37C6900E007ED /* Products */,
			);
			sourceTree = "<group>";
		};
		A32BB34826D37C6900E007ED /* Products */ = {
			isa = PBXGroup;
			children = (
				A32BB34726D37C6900E007ED /* Project.app */,
				A32BB35D26D37C6A00E007ED /* ProjectTests.xctest */,
				A32BB36826D37C6A00E007ED /* ProjectUITests.xctest */,
			);
			name = Products;
			sourceTree = "<group>";
		};
		A32BB34926D37C6900E007ED /* Project */ = {
			isa = PBXGroup;
			children = (
				A32BB34A26D37C6900E007ED /* AppDelegate.swift */,
				A32BB34C26D37C6900E007ED /* SceneDelegate.swift */,
				A32BB34E26D37C6900E007ED /* ViewController.swift */,
				A32BB35026D37C6900E007ED /* Main.storyboard */,
				A32BB35326D37C6A00E007ED /* Assets.xcassets */,
				A32BB35526D37C6A00E007ED /* LaunchScreen.storyboard */,
				A32BB35826D37C6A00E007ED /* Info.plist */,
			);
			path = Project;
			sourceTree = "<group>";
		};
		A32BB36026D37C6A00E007ED /* ProjectTests */ = {
			isa = PBXGroup;
			children = (
				A32BB36126D37C6A00E007ED /* ProjectTests.swift */,
				A32BB36326D37C6A00E007ED /* Info.plist */,
			);
			path = ProjectTests;
			sourceTree = "<group>";
		};
		A32BB36B26D37C6A00E007ED /* ProjectUITests */ = {
			isa = PBXGroup;
			children = (
				A32BB36C26D37C6A00E007ED /* ProjectUITests.swift */,
				A32BB36E26D37C6A00E007ED /* Info.plist */,
			);
			path = ProjectUITests;
			sourceTree = "<group>";
		};
/* End PBXGroup section */

/* Begin PBXNativeTarget section */
		A32BB34626D37C6900E007ED /* Project */ = {
			isa = PBXNativeTarget;
			buildConfigurationList = A32BB37126D37C6B00E007ED /* Build configuration list for PBXNativeTarget "Project" */;
			buildPhases = (
				A32BB34326D37C6900E007ED /* Sources */,
				A32BB34426D37C6900E007ED /* Frameworks */,
				A32BB34526D37C6900E007ED /* Resources */,
			);
			buildRules = (
			);
			dependencies = (
			);
			name = Project;
			productName = Project;
			productReference = A32BB34726D37C6900E007ED /* Project.app */;
			productType = "com.apple.product-type.application";
		};
		A32BB35C26D37C6A00E007ED /* ProjectTests */ = {
			isa = PBXNativeTarget;
			buildConfigurationList = A32BB37426D37C6B00E007ED /* Build configuration list for PBXNativeTarget "ProjectTests" */;
			buildPhases = (
				A32BB35926D37C6A00E007ED /* Sources */,
				A32BB35A26D37C6A00E007ED /* Frameworks */,
				A32BB35B26D37C6A00E007ED /* Resources */,
			);
			buildRules = (
			);
			dependencies = (
				A32BB35F26D37C6A00E007ED /* PBXTargetDependency */,
			);
			name = ProjectTests;
			productName = ProjectTests;
			productReference = A32BB35D26D37C6A00E007ED /* ProjectTests.xctest */;
			productType = "com.apple.product-type.bundle.unit-test";
		};
		A32BB36726D37C6A00E007ED /* ProjectUITests */ = {
			isa = PBXNativeTarget;
			buildConfigurationList = A32BB37726D37C6B00E007ED /* Build configuration list for PBXNativeTarget "ProjectUITests" */;
			buildPhases = (
				A32BB36426D37C6A00E007ED /* Sources */,
				A32BB36526D37C6A00E007ED /* Frameworks */,
				A32BB36626D37C6A00E007ED /* Resources */,
			);
			buildRules = (
			);
			dependencies = (
				A32BB36A26D37C6A00E007ED /* PBXTargetDependency */,
			);
			name = ProjectUITests;
			productName = ProjectUITests;
			productReference = A32BB36826D37C6A00E007ED /* ProjectUITests.xctest */;
			productType = "com.apple.product-type.bundle.ui-testing";
		};
/* End PBXNativeTarget section */

/* Begin PBXProject section */
		A32BB33F26D37C6900E007ED /* Project object */ = {
			isa = PBXProject;
			attributes = {
				LastSwiftUpdateCheck = 1250;
				LastUpgradeCheck = 1250;
				TargetAttributes = {
					A32BB34626D37C6900E007ED = {
						CreatedOnToolsVersion = 12.5;
					};
					A32BB35C26D37C6A00E007ED = {
						CreatedOnToolsVersion = 12.5;
						TestTargetID = A32BB34626D37C6900E007ED;
					};
					A32BB36726D37C6A00E007ED = {
						CreatedOnToolsVersion = 12.5;
						TestTargetID = A32BB34626D37C6900E007ED;
					};
				};
			};
			buildConfigurationList = A32BB34226D37C6900E007ED /* Build configuration list for PBXProject "Project" */;
			compatibilityVersion = "Xcode 9.3";
			developmentRegion = en;
			hasScannedForEncodings = 0;
			knownRegions = (
				en,
				Base,
			);
			mainGroup = A32BB33E26D37C6900E007ED;
			productRefGroup = A32BB34826D37C6900E007ED /* Products */;
			projectDirPath = "";
			projectRoot = "";
			targets = (
				A32BB34626D37C6900E007ED /* Project */,
				A32BB35C26D37C6A00E007ED /* ProjectTests */,
				A32BB36726D37C6A00E007ED /* ProjectUITests */,
			);
		};
/* End PBXProject section */

/* Begin PBXResourcesBuildPhase section */
		A32BB34526D37C6900E007ED /* Resources */ = {
			isa = PBXResourcesBuildPhase;
			buildActionMask = 2147483647;
			files = (
				A32BB35726D37C6A00E007ED /* LaunchScreen.storyboard in Resources */,
				A32BB35426D37C6A00E007ED /* Assets.xcassets in Resources */,
				A32BB35226D37C6900E007ED /* Main.storyboard in Resources */,
			);
			runOnlyForDeploymentPostprocessing = 0;
		};
		A32BB35B26D37C6A00E007ED /* Resources */ = {
			isa = PBXResourcesBuildPhase;
			buildActionMask = 2147483647;
			files = (
			);
			runOnlyForDeploymentPostprocessing = 0;
		};
		A32BB36626D37C6A00E007ED /* Resources */ = {
			isa = PBXResourcesBuildPhase;
			buildActionMask = 2147483647;
			files = (
			);
			runOnlyForDeploymentPostprocessing = 0;
		};
/* End PBXResourcesBuildPhase section */

/* Begin PBXSourcesBuildPhase section */
		A32BB34326D37C6900E007ED /* Sources */ = {
			isa = PBXSourcesBuildPhase;
			buildActionMask = 2147483647;
			files = (
				A32BB34F26D37C6900E007ED /* ViewController.swift in Sources */,
				A32BB34B26D37C6900E007ED /* AppDelegate.swift in Sources */,
				A32BB34D26D37C6900E007ED /* SceneDelegate.swift in Sources */,
			);
			runOnlyForDeploymentPostprocessing = 0;
		};
		A32BB35926D37C6A00E007ED /* Sources */ = {
			isa = PBXSourcesBuildPhase;
			buildActionMask = 2147483647;
			files = (
				A32BB36226D37C6A00E007ED /* ProjectTests.swift in Sources */,
			);
			runOnlyForDeploymentPostprocessing = 0;
		};
		A32BB36426D37C6A00E007ED /* Sources */ = {
			isa = PBXSourcesBuildPhase;
			buildActionMask = 2147483647;
			files = (
				A32BB36D26D37C6A00E007ED /* ProjectUITests.swift in Sources */,
			);
			runOnlyForDeploymentPostprocessing = 0;
		};
/* End PBXSourcesBuildPhase section */

/* Begin PBXTargetDependency section */
		A32BB35F26D37C6A00E007ED /* PBXTargetDependency */ = {
			isa = PBXTargetDependency;
			target = A32BB34626D37C6900E007ED /* Project */;
			targetProxy = A32BB35E26D37C6A00E007ED /* PBXContainerItemProxy */;
		};
		A32BB36A26D37C6A00E007ED /* PBXTargetDependency */ = {
			isa = PBXTargetDependency;
			target = A32BB34626D37C6900E007ED /* Project */;
			targetProxy = A32BB36926D37C6A00E007ED /* PBXContainerItemProxy */;
		};
/* End PBXTargetDependency section */

/* Begin PBXVariantGroup section */
		A32BB35026D37C6900E007ED /* Main.storyboard */ = {
			isa = PBXVariantGroup;
			children = (
				A32BB35126D37C6900E007ED /* Base */,
			);
			name = Main.storyboard;
			sourceTree = "<group>";
		};
		A32BB35526D37C6A00E007ED /* LaunchScreen.storyboard */ = {
			isa = PBXVariantGroup;
			children = (
				A32BB35626D37C6A00E007ED /* Base */,
			);
			name = LaunchScreen.storyboard;
			sourceTree = "<group>";
		};
/* End PBXVariantGroup section */

/* Begin XCBuildConfiguration section */
		A32BB36F26D37C6B00E007ED /* Debug */ = {
			isa = XCBuildConfiguration;
			buildSettings = {
				ALWAYS_SEARCH_USER_PATHS = NO;
				CLANG_ANALYZER_NONNULL = YES;
				CLANG_ANALYZER_NUMBER_OBJECT_CONVERSION = YES_AGGRESSIVE;
				CLANG_CXX_LANGUAGE_STANDARD = "gnu++14";
				CLANG_CXX_LIBRARY = "libc++";
				CLANG_ENABLE_MODULES = YES;
				CLANG_ENABLE_OBJC_ARC = YES;
				CLANG_ENABLE_OBJC_WEAK = YES;
				CLANG_WARN_BLOCK_CAPTURE_AUTORELEASING = YES;
				CLANG_WARN_BOOL_CONVERSION = YES;
				CLANG_WARN_COMMA = YES;
				CLANG_WARN_CONSTANT_CONVERSION = YES;
				CLANG_WARN_DEPRECATED_OBJC_IMPLEMENTATIONS = YES;
				CLANG_WARN_DIRECT_OBJC_ISA_USAGE = YES_ERROR;
				CLANG_WARN_DOCUMENTATION_COMMENTS = YES;
				CLANG_WARN_EMPTY_BODY = YES;
				CLANG_WARN_ENUM_CONVERSION = YES;
				CLANG_WARN_INFINITE_RECURSION = YES;
				CLANG_WARN_INT_CONVERSION = YES;
				CLANG_WARN_NON_LITERAL_NULL_CONVERSION = YES;
				CLANG_WARN_OBJC_IMPLICIT_RETAIN_SELF = YES;
				CLANG_WARN_OBJC_LITERAL_CONVERSION = YES;
				CLANG_WARN_OBJC_ROOT_CLASS = YES_ERROR;
				CLANG_WARN_QUOTED_INCLUDE_IN_FRAMEWORK_HEADER = YES;
				CLANG_WARN_RANGE_LOOP_ANALYSIS = YES;
				CLANG_WARN_STRICT_PROTOTYPES = YES;
				CLANG_WARN_SUSPICIOUS_MOVE = YES;
				CLANG_WARN_UNGUARDED_AVAILABILITY = YES_AGGRESSIVE;
				CLANG_WARN_UNREACHABLE_CODE = YES;
				CLANG_WARN__DUPLICATE_METHOD_MATCH = YES;
				COPY_PHASE_STRIP = NO;
				DEBUG_INFORMATION_FORMAT = dwarf;
				ENABLE_STRICT_OBJC_MSGSEND = YES;
				ENABLE_TESTABILITY = YES;
				GCC_C_LANGUAGE_STANDARD = gnu11;
				GCC_DYNAMIC_NO_PIC = NO;
				GCC_NO_COMMON_BLOCKS = YES;
				GCC_OPTIMIZATION_LEVEL = 0;
				GCC_PREPROCESSOR_DEFINITIONS = (
					"DEBUG=1",
					"$(inherited)",
				);
				GCC_WARN_64_TO_32_BIT_CONVERSION = YES;
				GCC_WARN_ABOUT_RETURN_TYPE = YES_ERROR;
				GCC_WARN_UNDECLARED_SELECTOR = YES;
				GCC_WARN_UNINITIALIZED_AUTOS = YES_AGGRESSIVE;
				GCC_WARN_UNUSED_FUNCTION = YES;
				GCC_WARN_UNUSED_VARIABLE = YES;
				IPHONEOS_DEPLOYMENT_TARGET = 14.5;
				MTL_ENABLE_DEBUG_INFO = INCLUDE_SOURCE;
				MTL_FAST_MATH = YES;
				ONLY_ACTIVE_ARCH = YES;
				SDKROOT = iphoneos;
				SWIFT_ACTIVE_COMPILATION_CONDITIONS = DEBUG;
				SWIFT_OPTIMIZATION_LEVEL = "-Onone";
			};
			name = Debug;
		};
		A32BB37026D37C6B00E007ED /* Release */ = {
			isa = XCBuildConfiguration;
			buildSettings = {
				ALWAYS_SEARCH_USER_PATHS = NO;
				CLANG_ANALYZER_NONNULL = YES;
				CLANG_ANALYZER_NUMBER_OBJECT_CONVERSION = YES_AGGRESSIVE;
				CLANG_CXX_LANGUAGE_STANDARD = "gnu++14";
				CLANG_CXX_LIBRARY = "libc++";
				CLANG_ENABLE_MODULES = YES;
				CLANG_ENABLE_OBJC_ARC = YES;
				CLANG_ENABLE_OBJC_WEAK = YES;
				CLANG_WARN_BLOCK_CAPTURE_AUTORELEASING = YES;
				CLANG_WARN_BOOL_CONVERSION = YES;
				CLANG_WARN_COMMA = YES;
				CLANG_WARN_CONSTANT_CONVERSION = YES;
				CLANG_WARN_DEPRECATED_OBJC_IMPLEMENTATIONS = YES;
				CLANG_WARN_DIRECT_OBJC_ISA_USAGE = YES_ERROR;
				CLANG_WARN_DOCUMENTATION_COMMENTS = YES;
				CLANG_WARN_EMPTY_BODY = YES;
				CLANG_WARN_ENUM_CONVERSION = YES;
				CLANG_WARN_INFINITE_RECURSION = YES;
				CLANG_WARN_INT_CONVERSION = YES;
				CLANG_WARN_NON_LITERAL_NULL_CONVERSION = YES;
				CLANG_WARN_OBJC_IMPLICIT_RETAIN_SELF = YES;
				CLANG_WARN_OBJC_LITERAL_CONVERSION = YES;
				CLANG_WARN_OBJC_ROOT_CLASS = YES_ERROR;
				CLANG_WARN_QUOTED_INCLUDE_IN_FRAMEWORK_HEADER = YES;
				CLANG_WARN_RANGE_LOOP_ANALYSIS = YES;
				CLANG_WARN_STRICT_PROTOTYPES = YES;
				CLANG_WARN_SUSPICIOUS_MOVE = YES;
				CLANG_WARN_UNGUARDED_AVAILABILITY = YES_AGGRESSIVE;
				CLANG_WARN_UNREACHABLE_CODE = YES;
				CLANG_WARN__DUPLICATE_METHOD_MATCH = YES;
				COPY_PHASE_STRIP = NO;
				DEBUG_INFORMATION_FORMAT = "dwarf-with-dsym";
				ENABLE_NS_ASSERTIONS = NO;
				ENABLE_STRICT_OBJC_MSGSEND = YES;
				GCC_C_LANGUAGE_STANDARD = gnu11;
				GCC_NO_COMMON_BLOCKS = YES;
				GCC_WARN_64_TO_32_BIT_CONVERSION = YES;
				GCC_WARN_ABOUT_RETURN_TYPE = YES_ERROR;
				GCC_WARN_UNDECLARED_SELECTOR = YES;
				GCC_WARN_UNINITIALIZED_AUTOS = YES_AGGRESSIVE;
				GCC_WARN_UNUSED_FUNCTION = YES;
				GCC_WARN_UNUSED_VARIABLE = YES;
				IPHONEOS_DEPLOYMENT_TARGET = 14.5;
				MTL_ENABLE_DEBUG_INFO = NO;
				MTL_FAST_MATH = YES;
				SDKROOT = iphoneos;
				SWIFT_COMPILATION_MODE = wholemodule;
				SWIFT_OPTIMIZATION_LEVEL = "-O";
				VALIDATE_PRODUCT = YES;
			};
			name = Release;
		};
		A32BB37226D37C6B00E007ED /* Debug */ = {
			isa = XCBuildConfiguration;
			buildSettings = {
				ASSETCATALOG_COMPILER_APPICON_NAME = AppIcon;
				ASSETCATALOG_COMPILER_GLOBAL_ACCENT_COLOR_NAME = AccentColor;
				CODE_SIGN_STYLE = Automatic;
				INFOPLIST_FILE = Project/Info.plist;
				LD_RUNPATH_SEARCH_PATHS = (
					"$(inherited)",
					"@executable_path/Frameworks",
				);
				PRODUCT_BUNDLE_IDENTIFIER = oli.Project;
				PRODUCT_NAME = "$(TARGET_NAME)";
				SWIFT_VERSION = 5.0;
				TARGETED_DEVICE_FAMILY = "1,2";
			};
			name = Debug;
		};
		A32BB37326D37C6B00E007ED /* Release */ = {
			isa = XCBuildConfiguration;
			buildSettings = {
				ASSETCATALOG_COMPILER_APPICON_NAME = AppIcon;
				ASSETCATALOG_COMPILER_GLOBAL_ACCENT_COLOR_NAME = AccentColor;
				CODE_SIGN_STYLE = Automatic;
				INFOPLIST_FILE = Project/Info.plist;
				LD_RUNPATH_SEARCH_PATHS = (
					"$(inherited)",
					"@executable_path/Frameworks",
				);
				PRODUCT_BUNDLE_IDENTIFIER = oli.Project;
				PRODUCT_NAME = "$(TARGET_NAME)";
				SWIFT_VERSION = 5.0;
				TARGETED_DEVICE_FAMILY = "1,2";
			};
			name = Release;
		};
		A32BB37526D37C6B00E007ED /* Debug */ = {
			isa = XCBuildConfiguration;
			buildSettings = {
				ALWAYS_EMBED_SWIFT_STANDARD_LIBRARIES = YES;
				BUNDLE_LOADER = "$(TEST_HOST)";
				CODE_SIGN_STYLE = Automatic;
				INFOPLIST_FILE = ProjectTests/Info.plist;
				IPHONEOS_DEPLOYMENT_TARGET = 14.5;
				LD_RUNPATH_SEARCH_PATHS = (
					"$(inherited)",
					"@executable_path/Frameworks",
					"@loader_path/Frameworks",
				);
				PRODUCT_BUNDLE_IDENTIFIER = oli.ProjectTests;
				PRODUCT_NAME = "$(TARGET_NAME)";
				SWIFT_VERSION = 5.0;
				TARGETED_DEVICE_FAMILY = "1,2";
				TEST_HOST = "$(BUILT_PRODUCTS_DIR)/Project.app/Project";
			};
			name = Debug;
		};
		A32BB37626D37C6B00E007ED /* Release */ = {
			isa = XCBuildConfiguration;
			buildSettings = {
				ALWAYS_EMBED_SWIFT_STANDARD_LIBRARIES = YES;
				BUNDLE_LOADER = "$(TEST_HOST)";
				CODE_SIGN_STYLE = Automatic;
				INFOPLIST_FILE = ProjectTests/Info.plist;
				IPHONEOS_DEPLOYMENT_TARGET = 14.5;
				LD_RUNPATH_SEARCH_PATHS = (
					"$(inherited)",
					"@executable_path/Frameworks",
					"@loader_path/Frameworks",
				);
				PRODUCT_BUNDLE_IDENTIFIER = oli.ProjectTests;
				PRODUCT_NAME = "$(TARGET_NAME)";
				SWIFT_VERSION = 5.0;
				TARGETED_DEVICE_FAMILY = "1,2";
				TEST_HOST = "$(BUILT_PRODUCTS_DIR)/Project.app/Project";
			};
			name = Release;
		};
		A32BB37826D37C6B00E007ED /* Debug */ = {
			isa = XCBuildConfiguration;
			buildSettings = {
				ALWAYS_EMBED_SWIFT_STANDARD_LIBRARIES = YES;
				CODE_SIGN_STYLE = Automatic;
				INFOPLIST_FILE = ProjectUITests/Info.plist;
				LD_RUNPATH_SEARCH_PATHS = (
					"$(inherited)",
					"@executable_path/Frameworks",
					"@loader_path/Frameworks",
				);
				PRODUCT_BUNDLE_IDENTIFIER = oli.ProjectUITests;
				PRODUCT_NAME = "$(TARGET_NAME)";
				SWIFT_VERSION = 5.0;
				TARGETED_DEVICE_FAMILY = "1,2";
				TEST_TARGET_NAME = Project;
			};
			name = Debug;
		};
		A32BB37926D37C6B00E007ED /* Release */ = {
			isa = XCBuildConfiguration;
			buildSettings = {
				ALWAYS_EMBED_SWIFT_STANDARD_LIBRARIES = YES;
				CODE_SIGN_STYLE = Automatic;
				INFOPLIST_FILE = ProjectUITests/Info.plist;
				LD_RUNPATH_SEARCH_PATHS = (
					"$(inherited)",
					"@executable_path/Frameworks",
					"@loader_path/Frameworks",
				);
				PRODUCT_BUNDLE_IDENTIFIER = oli.ProjectUITests;
				PRODUCT_NAME = "$(TARGET_NAME)";
				SWIFT_VERSION = 5.0;
				TARGETED_DEVICE_FAMILY = "1,2";
				TEST_TARGET_NAME = Project;
			};
			name = Release;
		};
/* End XCBuildConfiguration section */

/* Begin XCConfigurationList section */
		A32BB34226D37C6900E007ED /* Build configuration list for PBXProject "Project" */ = {
			isa = XCConfigurationList;
			buildConfigurations = (
				A32BB36F26D37C6B00E007ED /* Debug */,
				A32BB37026D37C6B00E007ED /* Release */,
			);
			defaultConfigurationIsVisible = 0;
			defaultConfigurationName = Release;
		};
		A32BB37126D37C6B00E007ED /* Build configuration list for PBXNativeTarget "Project" */ = {
			isa = XCConfigurationList;
			buildConfigurations = (
				A32BB37226D37C6B00E007ED /* Debug */,
				A32BB37326D37C6B00E007ED /* Release */,
			);
			defaultConfigurationIsVisible = 0;
			defaultConfigurationName = Release;
		};
		A32BB37426D37C6B00E007ED /* Build configuration list for PBXNativeTarget "ProjectTests" */ = {
			isa = XCConfigurationList;
			buildConfigurations = (
				A32BB37526D37C6B00E007ED /* Debug */,
				A32BB37626D37C6B00E007ED /* Release */,
			);
			defaultConfigurationIsVisible = 0;
			defaultConfigurationName = Release;
		};
		A32BB37726D37C6B00E007ED /* Build configuration list for PBXNativeTarget "ProjectUITests" */ = {
			isa = XCConfigurationList;
			buildConfigurations = (
				A32BB37826D37C6B00E007ED /* Debug */,
				A32BB37926D37C6B00E007ED /* Release */,
			);
			defaultConfigurationIsVisible = 0;
			defaultConfigurationName = Release;
		};
/* End XCConfigurationList section */
	};
	rootObject = A32BB33F26D37C6900E007ED /* Project object */;
}
